{
  "name": "discourse-siwe-auth",
  "lockfileVersion": 3,
  "requires": true,
  "packages": {
    "": {
      "dependencies": {
        "js-sha3": "^0.12.0"
      },
      "devDependencies": {
        "prettier": "^3.8.1"
      }
    },
    "node_modules/js-sha3": {
      "version": "0.12.0",
      "resolved": "https://registry.npmjs.org/js-sha3/-/js-sha3-0.12.0.tgz",
      "integrity": "sha512-DGaUQKtsHeqChRD6ndGcESOBXUBQs5/ji4xyyoAgdqBsAu5yHsVTrzuF7MZ0VQTAa/IQFXOq0WmV2I1HNuzPtA==",
      "license": "MIT"
    },
    "node_modules/prettier": {
      "version": "3.9.6",
      "resolved": "https://registry.npmjs.org/prettier/-/prettier-3.9.6.tgz",
      "integrity": "sha512-OpN0zzVdiaiAhxpuuj5efpIS4sY9j7bY6uR5mnj5yPzGkdkjNKSJeUThPb60Jw29QuAZgA4o+/iB49kFiaBX6g==",
      "dev": true,
      "license": "MIT",
      "bin": {
        "prettier": "bin/prettier.cjs"
      },
      "engines": {
        "node": ">=14"
      },
      "funding": {
        "url": "https://github.com/prettier/prettier?sponsor=1"
      }
    }
  }
}
